[[package]]
name = "attrs"
version = "22.1.0"
description = "Classes Without Boilerplate"
category = "main"
optional = false
python-versions = ">=3.5"

[package.extras]
dev = ["coverage[toml] (>=5.0.2)", "hypothesis", "pympler", "pytest (>=4.3.0)", "mypy (>=0.900,!=0.940)", "pytest-mypy-plugins", "zope.interface", "furo", "sphinx", "sphinx-notfound-page", "pre-commit", "cloudpickle"]
docs = ["furo", "sphinx", "zope.interface", "sphinx-notfound-page"]
tests = ["coverage[toml] (>=5.0.2)", "hypothesis", "pympler", "pytest (>=4.3.0)", "mypy (>=0.900,!=0.940)", "pytest-mypy-plugins", "zope.interface", "cloudpickle"]
tests_no_zope = ["coverage[toml] (>=5.0.2)", "hypothesis", "pympler", "pytest (>=4.3.0)", "mypy (>=0.900,!=0.940)", "pytest-mypy-plugins", "cloudpickle"]

[[package]]
name = "cmd2"
version = "2.4.2"
description = "cmd2 - quickly build feature-rich and user-friendly interactive command line applications in Python"
category = "main"
optional = false
python-versions = ">=3.6"

[package.dependencies]
attrs = ">=16.3.0"
pyperclip = ">=1.6"
pyreadline3 = {version = "*", markers = "sys_platform == \"win32\""}
wcwidth = ">=0.1.7"

[package.extras]
dev = ["codecov", "doc8", "flake8", "invoke", "mypy (==0.902)", "nox", "pytest (>=4.6)", "pytest-cov", "pytest-mock", "sphinx", "sphinx-rtd-theme", "sphinx-autobuild", "twine (>=1.11)"]
test = ["codecov", "coverage", "pytest (>=4.6)", "pytest-cov", "pytest-mock", "gnureadline"]
validate = ["flake8", "mypy (==0.902)", "types-pkg-resources"]

[[package]]
name = "pyperclip"
version = "1.8.2"
description = "A cross-platform clipboard module for Python. (Only handles plain text for now.)"
category = "main"
optional = false
python-versions = "*"

[[package]]
name = "pyreadline3"
version = "3.4.1"
description = "A python implementation of GNU readline."
category = "main"
optional = false
python-versions = "*"

[[package]]
name = "wcwidth"
version = "0.2.5"
description = "Measures the displayed width of unicode strings in a terminal"
category = "main"
optional = false
python-versions = "*"

[metadata]
lock-version = "1.1"
python-versions = "^3.8"
content-hash = "4c582a9d0577529638aceafd48ddf84b4ae282f4c9ac34ec11385fda3932e264"

[metadata.files]
attrs = []
cmd2 = []
pyperclip = []
pyreadline3 = []
wcwidth = [
    {file = "wcwidth-0.2.5-py2.py3-none-any.whl", hash = "sha256:beb4802a9cebb9144e99086eff703a642a13d6a0052920003a230f3294bbe784"},
    {file = "wcwidth-0.2.5.tar.gz", hash = "sha256:c4d647b99872929fdb7bdcaa4fbe7f01413ed3d98077df798530e5b04f116c83"},
]
